
Microsoft Visual Studio Solution File, Format Version 12.00
# Visual Studio Version 16
VisualStudioVersion = 16.0.31727.386
MinimumVisualStudioVersion = 10.0.40219.1
Project("{FAE04EC0-301F-11D3-BF4B-00C04F79EFBC}") = "StudySystemModels", "StudySystemModels.csproj", "{5BA1901F-72AE-464C-B975-65F970D45991}"
EndProject
Global
	GlobalSection(SolutionConfigurationPlatforms) = preSolution
		Debug|Any CPU = Debug|Any CPU
		Release|Any CPU = Release|Any CPU
	EndGlobalSection
	GlobalSection(ProjectConfigurationPlatforms) = postSolution
		{5BA1901F-72AE-464C-B975-65F970D45991}.Debug|Any CPU.ActiveCfg = Debug|Any CPU
		{5BA1901F-72AE-464C-B975-65F970D45991}.Debug|Any CPU.Build.0 = Debug|Any CPU
		{5BA1901F-72AE-464C-B975-65F970D45991}.Release|Any CPU.ActiveCfg = Release|Any CPU
		{5BA1901F-72AE-464C-B975-65F970D45991}.Release|Any CPU.Build.0 = Release|Any CPU
	EndGlobalSection
	GlobalSection(SolutionProperties) = preSolution
		HideSolutionNode = FALSE
	EndGlobalSection
	GlobalSection(ExtensibilityGlobals) = postSolution
		SolutionGuid = {88CAFC44-F189-4E05-8D34-C2C8D8707032}
	EndGlobalSection
EndGlobal
